
Microsoft Visual Studio Solution File, Format Version 12.00
# Visual Studio Version 16
VisualStudioVersion = 16.0.34031.81
MinimumVisualStudioVersion = 10.0.40219.1
Project("{2150E333-8FDC-42A3-9474-1A3956D46DE8}") = "Task0", "Task0", "{89331E67-C998-43D0-8DD5-B4F46AADE020}"
EndProject
Project("{FAE04EC0-301F-11D3-BF4B-00C04F79EFBC}") = "Tyuiu.SorokinMA.Sprint0.Task0.V0", "Tyuiu.SorokinMA.Sprint0.Task0.V0\Tyuiu.SorokinMA.Sprint0.Task0.V0.csproj", "{7B178100-C7F1-4654-A063-6C4CB4118DB4}"
EndProject
Project("{2150E333-8FDC-42A3-9474-1A3956D46DE8}") = "Task1", "Task1", "{DA25C15B-BFFD-4C47-809F-62EB77C4D382}"
EndProject
Project("{FAE04EC0-301F-11D3-BF4B-00C04F79EFBC}") = "Tyuiu.SorokinMA.Sprint0.Task1.V0", "Tyuiu.SorokinMA.Sprint0.Task1.V0\Tyuiu.SorokinMA.Sprint0.Task1.V0.csproj", "{0DFDD9CE-0ED6-4463-AA36-048ABC3EF79B}"
EndProject
Project("{2150E333-8FDC-42A3-9474-1A3956D46DE8}") = "Task2", "Task2", "{008FB2FC-052E-4AA3-BD89-1EF87BB7E402}"
EndProject
Project("{FAE04EC0-301F-11D3-BF4B-00C04F79EFBC}") = "Tyuiu.SorokinMA.Sprint0.Task2.V0", "Tyuiu.SorokinMA.Sprint0.Task2.V0\Tyuiu.SorokinMA.Sprint0.Task2.V0.csproj", "{3801EAFA-01B6-4223-8B40-42FBD228D737}"
EndProject
Project("{FAE04EC0-301F-11D3-BF4B-00C04F79EFBC}") = "Tyuiu.SorokinMA.Sprint0.Task2.V0.Lib", "Tyuiu.SorokinMA.Sprint0.Tasl2.V0.Lib\Tyuiu.SorokinMA.Sprint0.Task2.V0.Lib.csproj", "{832D40E1-FF7A-457C-998E-F609E1B7D95F}"
EndProject
Project("{FAE04EC0-301F-11D3-BF4B-00C04F79EFBC}") = "Tyuiu.SorokinMA.Sprint0.Task2.V0.Test", "Tyuiu.SorokinMA.Sprint0.Task2.V0.Test\Tyuiu.SorokinMA.Sprint0.Task2.V0.Test.csproj", "{0908F0FB-EE49-41FE-9856-2A812E411DAD}"
EndProject
Project("{2150E333-8FDC-42A3-9474-1A3956D46DE8}") = "Task3", "Task3", "{624EB3C2-C42D-4303-AB6B-35BE1C5A2DD3}"
EndProject
Project("{FAE04EC0-301F-11D3-BF4B-00C04F79EFBC}") = "Tyuiu.SorokinMA.Sprint0.Task3.V0", "Tyuiu.SorokinMA.Sprint0.Task3.V0\Tyuiu.SorokinMA.Sprint0.Task3.V0.csproj", "{5D4021BA-FA1F-4194-80A2-08B9A7D14335}"
EndProject
Project("{FAE04EC0-301F-11D3-BF4B-00C04F79EFBC}") = "Tyuiu.SorokinMA.Sprint0.Task3.V0.Lib", "Tyuiu.SorokinMA.Sprint0.Task3.V0.Lib\Tyuiu.SorokinMA.Sprint0.Task3.V0.Lib.csproj", "{65B7C6E8-0E43-4520-8105-4F14A5BD845E}"
EndProject
Project("{FAE04EC0-301F-11D3-BF4B-00C04F79EFBC}") = "Tyuiu.SorokinMA.Sprint0.Task3.V0.Test", "Tyuiu.SorokinMA.Sprint0.Task3.V0.Test\Tyuiu.SorokinMA.Sprint0.Task3.V0.Test.csproj", "{DAE0345D-2C26-4B6C-848B-8B995CE29EED}"
EndProject
Global
	GlobalSection(SolutionConfigurationPlatforms) = preSolution
		Debug|Any CPU = Debug|Any CPU
		Release|Any CPU = Release|Any CPU
	EndGlobalSection
	GlobalSection(ProjectConfigurationPlatforms) = postSolution
		{7B178100-C7F1-4654-A063-6C4CB4118DB4}.Debug|Any CPU.ActiveCfg = Debug|Any CPU
		{7B178100-C7F1-4654-A063-6C4CB4118DB4}.Debug|Any CPU.Build.0 = Debug|Any CPU
		{7B178100-C7F1-4654-A063-6C4CB4118DB4}.Release|Any CPU.ActiveCfg = Release|Any CPU
		{7B178100-C7F1-4654-A063-6C4CB4118DB4}.Release|Any CPU.Build.0 = Release|Any CPU
		{0DFDD9CE-0ED6-4463-AA36-048ABC3EF79B}.Debug|Any CPU.ActiveCfg = Debug|Any CPU
		{0DFDD9CE-0ED6-4463-AA36-048ABC3EF79B}.Debug|Any CPU.Build.0 = Debug|Any CPU
		{0DFDD9CE-0ED6-4463-AA36-048ABC3EF79B}.Release|Any CPU.ActiveCfg = Release|Any CPU
		{0DFDD9CE-0ED6-4463-AA36-048ABC3EF79B}.Release|Any CPU.Build.0 = Release|Any CPU
		{3801EAFA-01B6-4223-8B40-42FBD228D737}.Debug|Any CPU.ActiveCfg = Debug|Any CPU
		{3801EAFA-01B6-4223-8B40-42FBD228D737}.Debug|Any CPU.Build.0 = Debug|Any CPU
		{3801EAFA-01B6-4223-8B40-42FBD228D737}.Release|Any CPU.ActiveCfg = Release|Any CPU
		{3801EAFA-01B6-4223-8B40-42FBD228D737}.Release|Any CPU.Build.0 = Release|Any CPU
		{832D40E1-FF7A-457C-998E-F609E1B7D95F}.Debug|Any CPU.ActiveCfg = Debug|Any CPU
		{832D40E1-FF7A-457C-998E-F609E1B7D95F}.Debug|Any CPU.Build.0 = Debug|Any CPU
		{832D40E1-FF7A-457C-998E-F609E1B7D95F}.Release|Any CPU.ActiveCfg = Release|Any CPU
		{832D40E1-FF7A-457C-998E-F609E1B7D95F}.Release|Any CPU.Build.0 = Release|Any CPU
		{0908F0FB-EE49-41FE-9856-2A812E411DAD}.Debug|Any CPU.ActiveCfg = Debug|Any CPU
		{0908F0FB-EE49-41FE-9856-2A812E411DAD}.Debug|Any CPU.Build.0 = Debug|Any CPU
		{0908F0FB-EE49-41FE-9856-2A812E411DAD}.Release|Any CPU.ActiveCfg = Release|Any CPU
		{0908F0FB-EE49-41FE-9856-2A812E411DAD}.Release|Any CPU.Build.0 = Release|Any CPU
		{5D4021BA-FA1F-4194-80A2-08B9A7D14335}.Debug|Any CPU.ActiveCfg = Debug|Any CPU
		{5D4021BA-FA1F-4194-80A2-08B9A7D14335}.Debug|Any CPU.Build.0 = Debug|Any CPU
		{5D4021BA-FA1F-4194-80A2-08B9A7D14335}.Release|Any CPU.ActiveCfg = Release|Any CPU
		{5D4021BA-FA1F-4194-80A2-08B9A7D14335}.Release|Any CPU.Build.0 = Release|Any CPU
		{65B7C6E8-0E43-4520-8105-4F14A5BD845E}.Debug|Any CPU.ActiveCfg = Debug|Any CPU
		{65B7C6E8-0E43-4520-8105-4F14A5BD845E}.Debug|Any CPU.Build.0 = Debug|Any CPU
		{65B7C6E8-0E43-4520-8105-4F14A5BD845E}.Release|Any CPU.ActiveCfg = Release|Any CPU
		{65B7C6E8-0E43-4520-8105-4F14A5BD845E}.Release|Any CPU.Build.0 = Release|Any CPU
		{DAE0345D-2C26-4B6C-848B-8B995CE29EED}.Debug|Any CPU.ActiveCfg = Debug|Any CPU
		{DAE0345D-2C26-4B6C-848B-8B995CE29EED}.Debug|Any CPU.Build.0 = Debug|Any CPU
		{DAE0345D-2C26-4B6C-848B-8B995CE29EED}.Release|Any CPU.ActiveCfg = Release|Any CPU
		{DAE0345D-2C26-4B6C-848B-8B995CE29EED}.Release|Any CPU.Build.0 = Release|Any CPU
	EndGlobalSection
	GlobalSection(SolutionProperties) = preSolution
		HideSolutionNode = FALSE
	EndGlobalSection
	GlobalSection(NestedProjects) = preSolution
		{7B178100-C7F1-4654-A063-6C4CB4118DB4} = {89331E67-C998-43D0-8DD5-B4F46AADE020}
		{0DFDD9CE-0ED6-4463-AA36-048ABC3EF79B} = {DA25C15B-BFFD-4C47-809F-62EB77C4D382}
		{3801EAFA-01B6-4223-8B40-42FBD228D737} = {008FB2FC-052E-4AA3-BD89-1EF87BB7E402}
		{832D40E1-FF7A-457C-998E-F609E1B7D95F} = {008FB2FC-052E-4AA3-BD89-1EF87BB7E402}
		{0908F0FB-EE49-41FE-9856-2A812E411DAD} = {008FB2FC-052E-4AA3-BD89-1EF87BB7E402}
		{5D4021BA-FA1F-4194-80A2-08B9A7D14335} = {624EB3C2-C42D-4303-AB6B-35BE1C5A2DD3}
		{65B7C6E8-0E43-4520-8105-4F14A5BD845E} = {624EB3C2-C42D-4303-AB6B-35BE1C5A2DD3}
		{DAE0345D-2C26-4B6C-848B-8B995CE29EED} = {624EB3C2-C42D-4303-AB6B-35BE1C5A2DD3}
	EndGlobalSection
	GlobalSection(ExtensibilityGlobals) = postSolution
		SolutionGuid = {5C338D63-2303-44D0-BEF1-3E5DE840931B}
	EndGlobalSection
EndGlobal
