
Microsoft Visual Studio Solution File, Format Version 12.00
# Visual Studio Version 16
VisualStudioVersion = 16.0.34031.81
MinimumVisualStudioVersion = 10.0.40219.1
Project("{2150E333-8FDC-42A3-9474-1A3956D46DE8}") = "Task0", "Task0", "{89331E67-C998-43D0-8DD5-B4F46AADE020}"
EndProject
Project("{FAE04EC0-301F-11D3-BF4B-00C04F79EFBC}") = "Tyuiu.SorokinMA.Sprint0.Task0.V0", "Tyuiu.SorokinMA.Sprint0.Task0.V0\Tyuiu.SorokinMA.Sprint0.Task0.V0.csproj", "{7B178100-C7F1-4654-A063-6C4CB4118DB4}"
EndProject
Global
	GlobalSection(SolutionConfigurationPlatforms) = preSolution
		Debug|Any CPU = Debug|Any CPU
		Release|Any CPU = Release|Any CPU
	EndGlobalSection
	GlobalSection(ProjectConfigurationPlatforms) = postSolution
		{7B178100-C7F1-4654-A063-6C4CB4118DB4}.Debug|Any CPU.ActiveCfg = Debug|Any CPU
		{7B178100-C7F1-4654-A063-6C4CB4118DB4}.Debug|Any CPU.Build.0 = Debug|Any CPU
		{7B178100-C7F1-4654-A063-6C4CB4118DB4}.Release|Any CPU.ActiveCfg = Release|Any CPU
		{7B178100-C7F1-4654-A063-6C4CB4118DB4}.Release|Any CPU.Build.0 = Release|Any CPU
	EndGlobalSection
	GlobalSection(SolutionProperties) = preSolution
		HideSolutionNode = FALSE
	EndGlobalSection
	GlobalSection(NestedProjects) = preSolution
		{7B178100-C7F1-4654-A063-6C4CB4118DB4} = {89331E67-C998-43D0-8DD5-B4F46AADE020}
	EndGlobalSection
	GlobalSection(ExtensibilityGlobals) = postSolution
		SolutionGuid = {5C338D63-2303-44D0-BEF1-3E5DE840931B}
	EndGlobalSection
EndGlobal
